
Microsoft Visual Studio Solution File, Format Version 12.00
# Visual Studio Version 16
VisualStudioVersion = 16.0.31424.327
MinimumVisualStudioVersion = 10.0.40219.1
Project("{FAE04EC0-301F-11D3-BF4B-00C04F79EFBC}") = "ExpenseTracker.UWP", "ExpenseTracker\ExpenseTracker.UWP\ExpenseTracker.UWP.csproj", "{CAAC3BFC-C9D8-4937-AFBA-F70C0BCB5742}"
EndProject
Project("{FAE04EC0-301F-11D3-BF4B-00C04F79EFBC}") = "ExpenseTracker.Android", "ExpenseTracker\ExpenseTracker.Android\ExpenseTracker.Android.csproj", "{54E98B4B-FE94-49D3-BEB8-01F415702A98}"
EndProject
Project("{FAE04EC0-301F-11D3-BF4B-00C04F79EFBC}") = "ExpenseTracker.iOS", "ExpenseTracker\ExpenseTracker.iOS\ExpenseTracker.iOS.csproj", "{8CB64A85-AA3F-423E-AF4D-5CECC4FEC7BD}"
EndProject
Project("{FAE04EC0-301F-11D3-BF4B-00C04F79EFBC}") = "ExpenseTracker", "ExpenseTracker\ExpenseTracker\ExpenseTracker.csproj", "{49D4A039-687D-4A3A-B696-65E16250AE76}"
EndProject
Global
	GlobalSection(SolutionConfigurationPlatforms) = preSolution
		Debug|Any CPU = Debug|Any CPU
		Debug|ARM = Debug|ARM
		Debug|iPhone = Debug|iPhone
		Debug|iPhoneSimulator = Debug|iPhoneSimulator
		Debug|x64 = Debug|x64
		Debug|x86 = Debug|x86
		Release|Any CPU = Release|Any CPU
		Release|ARM = Release|ARM
		Release|iPhone = Release|iPhone
		Release|iPhoneSimulator = Release|iPhoneSimulator
		Release|x64 = Release|x64
		Release|x86 = Release|x86
	EndGlobalSection
	GlobalSection(ProjectConfigurationPlatforms) = postSolution
		{CAAC3BFC-C9D8-4937-AFBA-F70C0BCB5742}.Debug|Any CPU.ActiveCfg = Debug|x86
		{CAAC3BFC-C9D8-4937-AFBA-F70C0BCB5742}.Debug|Any CPU.Build.0 = Debug|x86
		{CAAC3BFC-C9D8-4937-AFBA-F70C0BCB5742}.Debug|Any CPU.Deploy.0 = Debug|x86
		{CAAC3BFC-C9D8-4937-AFBA-F70C0BCB5742}.Debug|ARM.ActiveCfg = Debug|ARM
		{CAAC3BFC-C9D8-4937-AFBA-F70C0BCB5742}.Debug|ARM.Build.0 = Debug|ARM
		{CAAC3BFC-C9D8-4937-AFBA-F70C0BCB5742}.Debug|ARM.Deploy.0 = Debug|ARM
		{CAAC3BFC-C9D8-4937-AFBA-F70C0BCB5742}.Debug|iPhone.ActiveCfg = Debug|x86
		{CAAC3BFC-C9D8-4937-AFBA-F70C0BCB5742}.Debug|iPhone.Build.0 = Debug|x86
		{CAAC3BFC-C9D8-4937-AFBA-F70C0BCB5742}.Debug|iPhone.Deploy.0 = Debug|x86
		{CAAC3BFC-C9D8-4937-AFBA-F70C0BCB5742}.Debug|iPhoneSimulator.ActiveCfg = Debug|x86
		{CAAC3BFC-C9D8-4937-AFBA-F70C0BCB5742}.Debug|iPhoneSimulator.Build.0 = Debug|x86
		{CAAC3BFC-C9D8-4937-AFBA-F70C0BCB5742}.Debug|iPhoneSimulator.Deploy.0 = Debug|x86
		{CAAC3BFC-C9D8-4937-AFBA-F70C0BCB5742}.Debug|x64.ActiveCfg = Debug|x64
		{CAAC3BFC-C9D8-4937-AFBA-F70C0BCB5742}.Debug|x64.Build.0 = Debug|x64
		{CAAC3BFC-C9D8-4937-AFBA-F70C0BCB5742}.Debug|x64.Deploy.0 = Debug|x64
		{CAAC3BFC-C9D8-4937-AFBA-F70C0BCB5742}.Debug|x86.ActiveCfg = Debug|x86
		{CAAC3BFC-C9D8-4937-AFBA-F70C0BCB5742}.Debug|x86.Build.0 = Debug|x86
		{CAAC3BFC-C9D8-4937-AFBA-F70C0BCB5742}.Debug|x86.Deploy.0 = Debug|x86
		{CAAC3BFC-C9D8-4937-AFBA-F70C0BCB5742}.Release|Any CPU.ActiveCfg = Release|x86
		{CAAC3BFC-C9D8-4937-AFBA-F70C0BCB5742}.Release|Any CPU.Build.0 = Release|x86
		{CAAC3BFC-C9D8-4937-AFBA-F70C0BCB5742}.Release|Any CPU.Deploy.0 = Release|x86
		{CAAC3BFC-C9D8-4937-AFBA-F70C0BCB5742}.Release|ARM.ActiveCfg = Release|ARM
		{CAAC3BFC-C9D8-4937-AFBA-F70C0BCB5742}.Release|ARM.Build.0 = Release|ARM
		{CAAC3BFC-C9D8-4937-AFBA-F70C0BCB5742}.Release|ARM.Deploy.0 = Release|ARM
		{CAAC3BFC-C9D8-4937-AFBA-F70C0BCB5742}.Release|iPhone.ActiveCfg = Release|x86
		{CAAC3BFC-C9D8-4937-AFBA-F70C0BCB5742}.Release|iPhone.Build.0 = Release|x86
		{CAAC3BFC-C9D8-4937-AFBA-F70C0BCB5742}.Release|iPhone.Deploy.0 = Release|x86
		{CAAC3BFC-C9D8-4937-AFBA-F70C0BCB5742}.Release|iPhoneSimulator.ActiveCfg = Release|x86
		{CAAC3BFC-C9D8-4937-AFBA-F70C0BCB5742}.Release|iPhoneSimulator.Build.0 = Release|x86
		{CAAC3BFC-C9D8-4937-AFBA-F70C0BCB5742}.Release|iPhoneSimulator.Deploy.0 = Release|x86
		{CAAC3BFC-C9D8-4937-AFBA-F70C0BCB5742}.Release|x64.ActiveCfg = Release|x64
		{CAAC3BFC-C9D8-4937-AFBA-F70C0BCB5742}.Release|x64.Build.0 = Release|x64
		{CAAC3BFC-C9D8-4937-AFBA-F70C0BCB5742}.Release|x64.Deploy.0 = Release|x64
		{CAAC3BFC-C9D8-4937-AFBA-F70C0BCB5742}.Release|x86.ActiveCfg = Release|x86
		{CAAC3BFC-C9D8-4937-AFBA-F70C0BCB5742}.Release|x86.Build.0 = Release|x86
		{CAAC3BFC-C9D8-4937-AFBA-F70C0BCB5742}.Release|x86.Deploy.0 = Release|x86
		{54E98B4B-FE94-49D3-BEB8-01F415702A98}.Debug|Any CPU.ActiveCfg = Debug|Any CPU
		{54E98B4B-FE94-49D3-BEB8-01F415702A98}.Debug|Any CPU.Build.0 = Debug|Any CPU
		{54E98B4B-FE94-49D3-BEB8-01F415702A98}.Debug|Any CPU.Deploy.0 = Debug|Any CPU
		{54E98B4B-FE94-49D3-BEB8-01F415702A98}.Debug|ARM.ActiveCfg = Debug|Any CPU
		{54E98B4B-FE94-49D3-BEB8-01F415702A98}.Debug|ARM.Build.0 = Debug|Any CPU
		{54E98B4B-FE94-49D3-BEB8-01F415702A98}.Debug|ARM.Deploy.0 = Debug|Any CPU
		{54E98B4B-FE94-49D3-BEB8-01F415702A98}.Debug|iPhone.ActiveCfg = Debug|Any CPU
		{54E98B4B-FE94-49D3-BEB8-01F415702A98}.Debug|iPhone.Build.0 = Debug|Any CPU
		{54E98B4B-FE94-49D3-BEB8-01F415702A98}.Debug|iPhone.Deploy.0 = Debug|Any CPU
		{54E98B4B-FE94-49D3-BEB8-01F415702A98}.Debug|iPhoneSimulator.ActiveCfg = Debug|Any CPU
		{54E98B4B-FE94-49D3-BEB8-01F415702A98}.Debug|iPhoneSimulator.Build.0 = Debug|Any CPU
		{54E98B4B-FE94-49D3-BEB8-01F415702A98}.Debug|iPhoneSimulator.Deploy.0 = Debug|Any CPU
		{54E98B4B-FE94-49D3-BEB8-01F415702A98}.Debug|x64.ActiveCfg = Debug|Any CPU
		{54E98B4B-FE94-49D3-BEB8-01F415702A98}.Debug|x64.Build.0 = Debug|Any CPU
		{54E98B4B-FE94-49D3-BEB8-01F415702A98}.Debug|x64.Deploy.0 = Debug|Any CPU
		{54E98B4B-FE94-49D3-BEB8-01F415702A98}.Debug|x86.ActiveCfg = Debug|Any CPU
		{54E98B4B-FE94-49D3-BEB8-01F415702A98}.Debug|x86.Build.0 = Debug|Any CPU
		{54E98B4B-FE94-49D3-BEB8-01F415702A98}.Debug|x86.Deploy.0 = Debug|Any CPU
		{54E98B4B-FE94-49D3-BEB8-01F415702A98}.Release|Any CPU.ActiveCfg = Release|Any CPU
		{54E98B4B-FE94-49D3-BEB8-01F415702A98}.Release|Any CPU.Build.0 = Release|Any CPU
		{54E98B4B-FE94-49D3-BEB8-01F415702A98}.Release|Any CPU.Deploy.0 = Release|Any CPU
		{54E98B4B-FE94-49D3-BEB8-01F415702A98}.Release|ARM.ActiveCfg = Release|Any CPU
		{54E98B4B-FE94-49D3-BEB8-01F415702A98}.Release|ARM.Build.0 = Release|Any CPU
		{54E98B4B-FE94-49D3-BEB8-01F415702A98}.Release|ARM.Deploy.0 = Release|Any CPU
		{54E98B4B-FE94-49D3-BEB8-01F415702A98}.Release|iPhone.ActiveCfg = Release|Any CPU
		{54E98B4B-FE94-49D3-BEB8-01F415702A98}.Release|iPhone.Build.0 = Release|Any CPU
		{54E98B4B-FE94-49D3-BEB8-01F415702A98}.Release|iPhone.Deploy.0 = Release|Any CPU
		{54E98B4B-FE94-49D3-BEB8-01F415702A98}.Release|iPhoneSimulator.ActiveCfg = Release|Any CPU
		{54E98B4B-FE94-49D3-BEB8-01F415702A98}.Release|iPhoneSimulator.Build.0 = Release|Any CPU
		{54E98B4B-FE94-49D3-BEB8-01F415702A98}.Release|iPhoneSimulator.Deploy.0 = Release|Any CPU
		{54E98B4B-FE94-49D3-BEB8-01F415702A98}.Release|x64.ActiveCfg = Release|Any CPU
		{54E98B4B-FE94-49D3-BEB8-01F415702A98}.Release|x64.Build.0 = Release|Any CPU
		{54E98B4B-FE94-49D3-BEB8-01F415702A98}.Release|x64.Deploy.0 = Release|Any CPU
		{54E98B4B-FE94-49D3-BEB8-01F415702A98}.Release|x86.ActiveCfg = Release|Any CPU
		{54E98B4B-FE94-49D3-BEB8-01F415702A98}.Release|x86.Build.0 = Release|Any CPU
		{54E98B4B-FE94-49D3-BEB8-01F415702A98}.Release|x86.Deploy.0 = Release|Any CPU
		{8CB64A85-AA3F-423E-AF4D-5CECC4FEC7BD}.Debug|Any CPU.ActiveCfg = Debug|iPhoneSimulator
		{8CB64A85-AA3F-423E-AF4D-5CECC4FEC7BD}.Debug|Any CPU.Build.0 = Debug|iPhoneSimulator
		{8CB64A85-AA3F-423E-AF4D-5CECC4FEC7BD}.Debug|Any CPU.Deploy.0 = Debug|iPhoneSimulator
		{8CB64A85-AA3F-423E-AF4D-5CECC4FEC7BD}.Debug|ARM.ActiveCfg = Debug|iPhone
		{8CB64A85-AA3F-423E-AF4D-5CECC4FEC7BD}.Debug|ARM.Build.0 = Debug|iPhone
		{8CB64A85-AA3F-423E-AF4D-5CECC4FEC7BD}.Debug|ARM.Deploy.0 = Debug|iPhone
		{8CB64A85-AA3F-423E-AF4D-5CECC4FEC7BD}.Debug|iPhone.ActiveCfg = Debug|iPhone
		{8CB64A85-AA3F-423E-AF4D-5CECC4FEC7BD}.Debug|iPhone.Build.0 = Debug|iPhone
		{8CB64A85-AA3F-423E-AF4D-5CECC4FEC7BD}.Debug|iPhone.Deploy.0 = Debug|iPhone
		{8CB64A85-AA3F-423E-AF4D-5CECC4FEC7BD}.Debug|iPhoneSimulator.ActiveCfg = Debug|iPhoneSimulator
		{8CB64A85-AA3F-423E-AF4D-5CECC4FEC7BD}.Debug|iPhoneSimulator.Build.0 = Debug|iPhoneSimulator
		{8CB64A85-AA3F-423E-AF4D-5CECC4FEC7BD}.Debug|iPhoneSimulator.Deploy.0 = Debug|iPhoneSimulator
		{8CB64A85-AA3F-423E-AF4D-5CECC4FEC7BD}.Debug|x64.ActiveCfg = Debug|iPhoneSimulator
		{8CB64A85-AA3F-423E-AF4D-5CECC4FEC7BD}.Debug|x64.Build.0 = Debug|iPhoneSimulator
		{8CB64A85-AA3F-423E-AF4D-5CECC4FEC7BD}.Debug|x64.Deploy.0 = Debug|iPhoneSimulator
		{8CB64A85-AA3F-423E-AF4D-5CECC4FEC7BD}.Debug|x86.ActiveCfg = Debug|iPhoneSimulator
		{8CB64A85-AA3F-423E-AF4D-5CECC4FEC7BD}.Debug|x86.Build.0 = Debug|iPhoneSimulator
		{8CB64A85-AA3F-423E-AF4D-5CECC4FEC7BD}.Debug|x86.Deploy.0 = Debug|iPhoneSimulator
		{8CB64A85-AA3F-423E-AF4D-5CECC4FEC7BD}.Release|Any CPU.ActiveCfg = Release|iPhoneSimulator
		{8CB64A85-AA3F-423E-AF4D-5CECC4FEC7BD}.Release|Any CPU.Build.0 = Release|iPhoneSimulator
		{8CB64A85-AA3F-423E-AF4D-5CECC4FEC7BD}.Release|Any CPU.Deploy.0 = Release|iPhoneSimulator
		{8CB64A85-AA3F-423E-AF4D-5CECC4FEC7BD}.Release|ARM.ActiveCfg = Release|iPhoneSimulator
		{8CB64A85-AA3F-423E-AF4D-5CECC4FEC7BD}.Release|ARM.Build.0 = Release|iPhoneSimulator
		{8CB64A85-AA3F-423E-AF4D-5CECC4FEC7BD}.Release|ARM.Deploy.0 = Release|iPhoneSimulator
		{8CB64A85-AA3F-423E-AF4D-5CECC4FEC7BD}.Release|iPhone.ActiveCfg = Release|iPhone
		{8CB64A85-AA3F-423E-AF4D-5CECC4FEC7BD}.Release|iPhone.Build.0 = Release|iPhone
		{8CB64A85-AA3F-423E-AF4D-5CECC4FEC7BD}.Release|iPhone.Deploy.0 = Release|iPhone
		{8CB64A85-AA3F-423E-AF4D-5CECC4FEC7BD}.Release|iPhoneSimulator.ActiveCfg = Release|iPhoneSimulator
		{8CB64A85-AA3F-423E-AF4D-5CECC4FEC7BD}.Release|iPhoneSimulator.Build.0 = Release|iPhoneSimulator
		{8CB64A85-AA3F-423E-AF4D-5CECC4FEC7BD}.Release|iPhoneSimulator.Deploy.0 = Release|iPhoneSimulator
		{8CB64A85-AA3F-423E-AF4D-5CECC4FEC7BD}.Release|x64.ActiveCfg = Release|iPhoneSimulator
		{8CB64A85-AA3F-423E-AF4D-5CECC4FEC7BD}.Release|x64.Build.0 = Release|iPhoneSimulator
		{8CB64A85-AA3F-423E-AF4D-5CECC4FEC7BD}.Release|x64.Deploy.0 = Release|iPhoneSimulator
		{8CB64A85-AA3F-423E-AF4D-5CECC4FEC7BD}.Release|x86.ActiveCfg = Release|iPhoneSimulator
		{8CB64A85-AA3F-423E-AF4D-5CECC4FEC7BD}.Release|x86.Build.0 = Release|iPhoneSimulator
		{8CB64A85-AA3F-423E-AF4D-5CECC4FEC7BD}.Release|x86.Deploy.0 = Release|iPhoneSimulator
		{49D4A039-687D-4A3A-B696-65E16250AE76}.Debug|Any CPU.ActiveCfg = Debug|Any CPU
		{49D4A039-687D-4A3A-B696-65E16250AE76}.Debug|Any CPU.Build.0 = Debug|Any CPU
		{49D4A039-687D-4A3A-B696-65E16250AE76}.Debug|Any CPU.Deploy.0 = Debug|Any CPU
		{49D4A039-687D-4A3A-B696-65E16250AE76}.Debug|ARM.ActiveCfg = Debug|Any CPU
		{49D4A039-687D-4A3A-B696-65E16250AE76}.Debug|ARM.Build.0 = Debug|Any CPU
		{49D4A039-687D-4A3A-B696-65E16250AE76}.Debug|ARM.Deploy.0 = Debug|Any CPU
		{49D4A039-687D-4A3A-B696-65E16250AE76}.Debug|iPhone.ActiveCfg = Debug|Any CPU
		{49D4A039-687D-4A3A-B696-65E16250AE76}.Debug|iPhone.Build.0 = Debug|Any CPU
		{49D4A039-687D-4A3A-B696-65E16250AE76}.Debug|iPhone.Deploy.0 = Debug|Any CPU
		{49D4A039-687D-4A3A-B696-65E16250AE76}.Debug|iPhoneSimulator.ActiveCfg = Debug|Any CPU
		{49D4A039-687D-4A3A-B696-65E16250AE76}.Debug|iPhoneSimulator.Build.0 = Debug|Any CPU
		{49D4A039-687D-4A3A-B696-65E16250AE76}.Debug|iPhoneSimulator.Deploy.0 = Debug|Any CPU
		{49D4A039-687D-4A3A-B696-65E16250AE76}.Debug|x64.ActiveCfg = Debug|Any CPU
		{49D4A039-687D-4A3A-B696-65E16250AE76}.Debug|x64.Build.0 = Debug|Any CPU
		{49D4A039-687D-4A3A-B696-65E16250AE76}.Debug|x64.Deploy.0 = Debug|Any CPU
		{49D4A039-687D-4A3A-B696-65E16250AE76}.Debug|x86.ActiveCfg = Debug|Any CPU
		{49D4A039-687D-4A3A-B696-65E16250AE76}.Debug|x86.Build.0 = Debug|Any CPU
		{49D4A039-687D-4A3A-B696-65E16250AE76}.Debug|x86.Deploy.0 = Debug|Any CPU
		{49D4A039-687D-4A3A-B696-65E16250AE76}.Release|Any CPU.ActiveCfg = Release|Any CPU
		{49D4A039-687D-4A3A-B696-65E16250AE76}.Release|Any CPU.Build.0 = Release|Any CPU
		{49D4A039-687D-4A3A-B696-65E16250AE76}.Release|Any CPU.Deploy.0 = Release|Any CPU
		{49D4A039-687D-4A3A-B696-65E16250AE76}.Release|ARM.ActiveCfg = Release|Any CPU
		{49D4A039-687D-4A3A-B696-65E16250AE76}.Release|ARM.Build.0 = Release|Any CPU
		{49D4A039-687D-4A3A-B696-65E16250AE76}.Release|ARM.Deploy.0 = Release|Any CPU
		{49D4A039-687D-4A3A-B696-65E16250AE76}.Release|iPhone.ActiveCfg = Release|Any CPU
		{49D4A039-687D-4A3A-B696-65E16250AE76}.Release|iPhone.Build.0 = Release|Any CPU
		{49D4A039-687D-4A3A-B696-65E16250AE76}.Release|iPhone.Deploy.0 = Release|Any CPU
		{49D4A039-687D-4A3A-B696-65E16250AE76}.Release|iPhoneSimulator.ActiveCfg = Release|Any CPU
		{49D4A039-687D-4A3A-B696-65E16250AE76}.Release|iPhoneSimulator.Build.0 = Release|Any CPU
		{49D4A039-687D-4A3A-B696-65E16250AE76}.Release|iPhoneSimulator.Deploy.0 = Release|Any CPU
		{49D4A039-687D-4A3A-B696-65E16250AE76}.Release|x64.ActiveCfg = Release|Any CPU
		{49D4A039-687D-4A3A-B696-65E16250AE76}.Release|x64.Build.0 = Release|Any CPU
		{49D4A039-687D-4A3A-B696-65E16250AE76}.Release|x64.Deploy.0 = Release|Any CPU
		{49D4A039-687D-4A3A-B696-65E16250AE76}.Release|x86.ActiveCfg = Release|Any CPU
		{49D4A039-687D-4A3A-B696-65E16250AE76}.Release|x86.Build.0 = Release|Any CPU
		{49D4A039-687D-4A3A-B696-65E16250AE76}.Release|x86.Deploy.0 = Release|Any CPU
	EndGlobalSection
	GlobalSection(SolutionProperties) = preSolution
		HideSolutionNode = FALSE
	EndGlobalSection
	GlobalSection(ExtensibilityGlobals) = postSolution
		SolutionGuid = {88913008-2EB6-46C9-A0ED-C259FDF0D363}
	EndGlobalSection
EndGlobal
